
Microsoft Visual Studio Solution File, Format Version 12.00
# Visual Studio Version 17
VisualStudioVersion = 17.6.33829.357
MinimumVisualStudioVersion = 10.0.40219.1
Project("{FAE04EC0-301F-11D3-BF4B-00C04F79EFBC}") = "SignalREvent", "SignalREvent.csproj", "{F3AE6437-3360-4E8E-A367-7E30F5B62499}"
EndProject
Global
	GlobalSection(SolutionConfigurationPlatforms) = preSolution
		Debug|Any CPU = Debug|Any CPU
		Release|Any CPU = Release|Any CPU
	EndGlobalSection
	GlobalSection(ProjectConfigurationPlatforms) = postSolution
		{F3AE6437-3360-4E8E-A367-7E30F5B62499}.Debug|Any CPU.ActiveCfg = Debug|Any CPU
		{F3AE6437-3360-4E8E-A367-7E30F5B62499}.Debug|Any CPU.Build.0 = Debug|Any CPU
		{F3AE6437-3360-4E8E-A367-7E30F5B62499}.Release|Any CPU.ActiveCfg = Release|Any CPU
		{F3AE6437-3360-4E8E-A367-7E30F5B62499}.Release|Any CPU.Build.0 = Release|Any CPU
	EndGlobalSection
	GlobalSection(SolutionProperties) = preSolution
		HideSolutionNode = FALSE
	EndGlobalSection
	GlobalSection(ExtensibilityGlobals) = postSolution
		SolutionGuid = {EAFD7845-850B-4D9C-B509-5E553A5C56B6}
	EndGlobalSection
EndGlobal
